
Microsoft Visual Studio Solution File, Format Version 12.00
# Visual Studio 14
VisualStudioVersion = 14.0.24720.0
MinimumVisualStudioVersion = 10.0.40219.1
Project("{8BC9CEB8-8B4A-11D0-8D11-00A0C91BC942}") = "mql4j-util", "mql4j-util\mql4j-util.vcxproj", "{B66FF7A9-34AD-41DF-BE6A-893A137768A5}"
EndProject
Project("{8BC9CEB8-8B4A-11D0-8D11-00A0C91BC942}") = "mql4j-common", "mql4j-common\mql4j-common.vcxproj", "{DA7453A3-7EA0-4724-A21A-315C289AA76A}"
EndProject
Project("{8BC9CEB8-8B4A-11D0-8D11-00A0C91BC942}") = "mql4j-java", "mql4j-java\mql4j-java.vcxproj", "{7B2640E7-B7AF-437E-B9F2-BA1FA97430C0}"
EndProject
Global
	GlobalSection(SolutionConfigurationPlatforms) = preSolution
		Debug|x86 = Debug|x86
		Release|x86 = Release|x86
	EndGlobalSection
	GlobalSection(ProjectConfigurationPlatforms) = postSolution
		{B66FF7A9-34AD-41DF-BE6A-893A137768A5}.Debug|x86.ActiveCfg = Debug|Win32
		{B66FF7A9-34AD-41DF-BE6A-893A137768A5}.Debug|x86.Build.0 = Debug|Win32
		{B66FF7A9-34AD-41DF-BE6A-893A137768A5}.Release|x86.ActiveCfg = Release|Win32
		{B66FF7A9-34AD-41DF-BE6A-893A137768A5}.Release|x86.Build.0 = Release|Win32
		{DA7453A3-7EA0-4724-A21A-315C289AA76A}.Debug|x86.ActiveCfg = Debug|Win32
		{DA7453A3-7EA0-4724-A21A-315C289AA76A}.Debug|x86.Build.0 = Debug|Win32
		{DA7453A3-7EA0-4724-A21A-315C289AA76A}.Release|x86.ActiveCfg = Release|Win32
		{DA7453A3-7EA0-4724-A21A-315C289AA76A}.Release|x86.Build.0 = Release|Win32
		{7B2640E7-B7AF-437E-B9F2-BA1FA97430C0}.Debug|x86.ActiveCfg = Debug|Win32
		{7B2640E7-B7AF-437E-B9F2-BA1FA97430C0}.Debug|x86.Build.0 = Debug|Win32
		{7B2640E7-B7AF-437E-B9F2-BA1FA97430C0}.Release|x86.ActiveCfg = Release|Win32
		{7B2640E7-B7AF-437E-B9F2-BA1FA97430C0}.Release|x86.Build.0 = Release|Win32
	EndGlobalSection
	GlobalSection(SolutionProperties) = preSolution
		HideSolutionNode = FALSE
	EndGlobalSection
EndGlobal
